
Microsoft Visual Studio Solution File, Format Version 12.00
# Visual Studio Version 17
VisualStudioVersion = 17.3.32929.385
MinimumVisualStudioVersion = 10.0.40219.1
Project("{FAE04EC0-301F-11D3-BF4B-00C04F79EFBC}") = "CS-NEA-Interactive", "CS-NEA-Interactive.csproj", "{1736CE86-253B-4DC7-86F7-354014600F39}"
EndProject
Global
	GlobalSection(SolutionConfigurationPlatforms) = preSolution
		Debug|Any CPU = Debug|Any CPU
		Release|Any CPU = Release|Any CPU
	EndGlobalSection
	GlobalSection(ProjectConfigurationPlatforms) = postSolution
		{1736CE86-253B-4DC7-86F7-354014600F39}.Debug|Any CPU.ActiveCfg = Debug|Any CPU
		{1736CE86-253B-4DC7-86F7-354014600F39}.Debug|Any CPU.Build.0 = Debug|Any CPU
		{1736CE86-253B-4DC7-86F7-354014600F39}.Release|Any CPU.ActiveCfg = Release|Any CPU
		{1736CE86-253B-4DC7-86F7-354014600F39}.Release|Any CPU.Build.0 = Release|Any CPU
	EndGlobalSection
	GlobalSection(SolutionProperties) = preSolution
		HideSolutionNode = FALSE
	EndGlobalSection
	GlobalSection(ExtensibilityGlobals) = postSolution
		SolutionGuid = {A71C6585-5910-46AD-91FA-5FAC188A941A}
	EndGlobalSection
EndGlobal
